github.com/tinywasm/color v0.1.1 h1:S00T0XR42Q3sDpfJELNnF0HFxMh9gApH4SnA0Ml6Q7A=
github.com/tinywasm/color v0.1.1/go.mod h1:0wqAVE1k2GxXIX/v1G+w97J8YRpispYcDa7M75H+umI=
github.com/tinywasm/components v0.5.15 h1:4BArUmmKuaIOazARnMhcmfqRt1tnmwQfcc6GrLlkFO4=
github.com/tinywasm/components v0.5.15/go.mod h1:QxelVUEXJOOmoqy4V40188eWrR+uesWBWyZv4w7HuaQ=
github.com/tinywasm/context v0.0.18 h1:uKeiAFo6L/PikGSbUu+xcyELGoa4kXomDNwJOlhxrUE=
github.com/tinywasm/context v0.0.18/go.mod h1:3AHZHMiiVZljEGNuYMaLM2OXdZ3bXjoMCmqx3sEGXsA=
github.com/tinywasm/css v0.4.15 h1:EnBh4exxACZIB/WYOgF5uWRxQGSRFjYn/wRDM2mgnfU=
github.com/tinywasm/css v0.4.15/go.mod h1:EyCY2mFW664qIyqTQKW1mgkg7cqAK3oF6igiwYdGV5k=
github.com/tinywasm/ddl v0.0.10 h1:53qMTFEMQP1zfCzDE6lL6ap4CnCl0iMjRdr4IhWNGrU=
github.com/tinywasm/ddl v0.0.10/go.mod h1:zo/WKt/mr+tI1pPr9Y5sWHeUbJkBfYk2JH516KO4X2s=
github.com/tinywasm/dom v0.13.5 h1:CklQl/U/pJn5Pka3n5xf8xEObFLxuKxrrpXPLGiprWY=
github.com/tinywasm/dom v0.13.5/go.mod h1:foT4zhFHK4T8ZNPjgT539dAfdslSdY/hD7V0g9CUNgY=
github.com/tinywasm/fetch v0.1.24 h1:UynB2NPPgYrwcRx6ZujkRUTlfUUkNs60J0O63/1FmAs=
github.com/tinywasm/fetch v0.1.24/go.mod h1:Hx9bkdjC5fcf++EWjHKUzEn2OZpUbfoXNQV8tbdC5SI=
github.com/tinywasm/fmt v0.25.6 h1:j6IDSoU9l+0GnYcx0pIa3Ckhg5j11mNPxTR9tQXU3sc=
github.com/tinywasm/fmt v0.25.6/go.mod h1:2Y4hlsQxqVsZ5z9vQL5XQbEzLQtQOr1Bhp44nPGfydA=
github.com/tinywasm/font v0.0.4 h1:dugQHev1xk2YzA01xpqV4WLCHxEmk6JEu2GkDbPxlfE=
github.com/tinywasm/font v0.0.4/go.mod h1:mc8y0jI0VWgsSNEk5f0G3x61Xah4xyfOf9/ds3YaLD8=
github.com/tinywasm/html v0.0.18 h1:5oBQzaewM7xsnfQEQO6R35OAxcXVeMxn2+9ETYuyees=
github.com/tinywasm/html v0.0.18/go.mod h1:j04HaIfBRCRAwicKJk3IFgTwIykGVC0oSDaaAI+7Oiw=
github.com/tinywasm/image v0.0.24 h1:H81goCrZvfRLbOFvXhB5yGCSClDU96OEhuN7YrpEMdI=
github.com/tinywasm/image v0.0.24/go.mod h1:NSOvhqNRr4hcrDtXxOATJAUu3Prg8j+xyIfcH0J1fzU=
github.com/tinywasm/js v0.0.6 h1:JUpC4EjL7x7nOpKf9sK82y1o7RewrGFtnnZkwb+7hYg=
github.com/tinywasm/js v0.0.6/go.mod h1:IQJBLwX9qtpYeTrJkuW5fZ+6ItJGCYfabeOJns8qSvI=
github.com/tinywasm/json v0.5.19 h1:cip0XJ1jCxU5MgcCEVhdwRFXMSGN7/goDuiIaVMqtQs=
github.com/tinywasm/json v0.5.19/go.mod h1:JhZVGd211/PO/i9kggDoUu1xrn78xwJrJcpz9VoKc6E=
github.com/tinywasm/layout v0.1.36 h1:sTfqEzf8qQ6CAD0hei6QtYdYBKxN1OzrUYMCRWG139U=
github.com/tinywasm/layout v0.1.36/go.mod h1:sGW/zbX0NCDhrNd6XGmFNGbzLmn7s2J45PME236bbHg=
github.com/tinywasm/model v0.1.4 h1:ZXz/LB9bUVzfiPO3R8iMDbZ6j2DCdR+rOV67zDaE7VE=
github.com/tinywasm/model v0.1.4/go.mod h1:Cx/RTzSOH/DM2DtP6JqdhIRTDlf31EstTV5Y0RSp/dg=
github.com/tinywasm/model v0.1.5 h1:7icimBUfYpp+gXMu7Ed09T5nEYXvBrQCf2L6QZkK4Ic=
github.com/tinywasm/model v0.1.5/go.mod h1:3w85QqNwKQnNjR7CSubUgIS4N2uIGFQsPBHOXVRC4uE=
github.com/tinywasm/orm v0.11.7 h1:Cgylw0JOLYuksfM0FQu9difp+eXxJZmUJvqLo/xEMwg=
github.com/tinywasm/orm v0.11.7/go.mod h1:jQKZTHkw1ub1neldXQmSdSwRGSDOHonLjYAkyc9+8Eo=
github.com/tinywasm/router v0.1.23 h1:n/silw68NdWG1LN/y6KW8VRavkHvM83QXq98duhBJxc=
github.com/tinywasm/router v0.1.23/go.mod h1:E3O8AO8ryGrTeKhkXI6PgT32tbXkoCQ55pkDUFWEB2I=
github.com/tinywasm/storage v0.0.4 h1:Y3Ca+MTIQoTd1gy7gCwD3/W3PY2BWMXBtvoCNmSv4UQ=
github.com/tinywasm/storage v0.0.4/go.mod h1:K8KUBAMRm0NZChhNTr4VI52473zIikLfkhFCDPKVnkQ=
github.com/tinywasm/svg v0.2.0 h1:1oh6T4KxFcBRe79VTXKxc1kgCVh60sU0nuzJz+icYo0=
github.com/tinywasm/svg v0.2.0/go.mod h1:2o5Z8LsbCT6ltV0nKPtmZFusYqHi8AUGnk7jDQ6xj+I=
github.com/tinywasm/widget v0.6.12 h1:wJGKbJa/o17spYrDuL5ourW0+eGECdebNi0dVI0teM4=
github.com/tinywasm/widget v0.6.12/go.mod h1:CWlkC0nG+1Q2sU4qsonWEIIYUkGHQ1HCxozxoQYkf/k=
github.com/veltylabs/site_content v0.1.0 h1:4wabGfqHl2LbZJXInpIqbqmZZSPgmPiJVAjImz+8RTo=
github.com/veltylabs/site_content v0.1.0/go.mod h1:Yb38vBHuvitp4PnaMEjh9p0r09ztVUnXYX9Q9Cuhq3E=
