github.com/tinywasm/ddl v0.0.10 h1:53qMTFEMQP1zfCzDE6lL6ap4CnCl0iMjRdr4IhWNGrU=
github.com/tinywasm/ddl v0.0.10/go.mod h1:zo/WKt/mr+tI1pPr9Y5sWHeUbJkBfYk2JH516KO4X2s=
github.com/tinywasm/fmt v0.25.7 h1:Rju5B7LfrGu2QOA0L5IN0Cb9NwH5h8afGbawnF59Mec=
github.com/tinywasm/fmt v0.25.7/go.mod h1:2Y4hlsQxqVsZ5z9vQL5XQbEzLQtQOr1Bhp44nPGfydA=
github.com/tinywasm/input v0.0.4 h1:lyqaGtQ+gh9DjBS9Fo8GSc7tH5J1D5bIry24o9SpGzI=
github.com/tinywasm/input v0.0.4/go.mod h1:tLfipkqNDsDPZneiZxlkDVPqCfSHxpz/s5BwGOeSqUM=
github.com/tinywasm/model v0.1.5 h1:7icimBUfYpp+gXMu7Ed09T5nEYXvBrQCf2L6QZkK4Ic=
github.com/tinywasm/model v0.1.5/go.mod h1:3w85QqNwKQnNjR7CSubUgIS4N2uIGFQsPBHOXVRC4uE=
github.com/tinywasm/orm v0.11.10 h1:md6mzTHXVpmCovScOI4/7Ij/T9b/C47DYZr3T9kNDOc=
github.com/tinywasm/orm v0.11.10/go.mod h1:/oI2zjllgKQPdAAQrCjBrBi0nkYz9p1pgpQbA1ukNgc=
github.com/tinywasm/router v0.1.27 h1:aIwLfci36AOikG0B+sPx7QnfuMk7kx4EkFnS0hYEr8E=
github.com/tinywasm/router v0.1.27/go.mod h1:xbZGl0JN2BT4KPYCjsIHlCmzIWOH42AYrk9FpuH/13k=
github.com/tinywasm/storage v0.0.4 h1:Y3Ca+MTIQoTd1gy7gCwD3/W3PY2BWMXBtvoCNmSv4UQ=
github.com/tinywasm/storage v0.0.4/go.mod h1:K8KUBAMRm0NZChhNTr4VI52473zIikLfkhFCDPKVnkQ=
github.com/veltylabs/site_content v0.2.3 h1:r822kC9G5nGpKOFSE/f0mEKRTsRpnZmrPH90SuBmWHA=
github.com/veltylabs/site_content v0.2.3/go.mod h1:VZXLhB+2Qf/XdXhZNxZUnnrOFX0hXOOl9D9e8KUioXQ=
webtyp.com/color v0.1.2 h1:PN2vx9jtlwFsu2juQoaj0GEJMY/ex3fQDcop20V8+ik=
webtyp.com/color v0.1.2/go.mod h1:p5n4e0KRiPavkkQajtQKoMAU7C+1yx86AZlzMWTJhC8=
webtyp.com/components v0.6.16 h1:CTB5NW00WLh3cHoLVFYNuuKp9lKHv+4rgmKtS5AxxZk=
webtyp.com/components v0.6.16/go.mod h1:7q87UK0b6u5Qn2qqbVsUbLRyla+zQ1OD9or/B4teexE=
webtyp.com/context v0.0.23 h1:T+lH+UteRAPD6gLH8oxW0TBr5aZlJwgfIpmnA4DdFSY=
webtyp.com/context v0.0.23/go.mod h1:SXtpX0NmsG9zoL9B2uYVPy0ZfmXl0C1zyjQkYmuz38Q=
webtyp.com/css v0.4.21 h1:/XV3iNm0wsbnz7/W8aoxf8chOoZxvFvUYCpgPnxqDZM=
webtyp.com/css v0.4.21/go.mod h1:qbi0OpxKohFtrEzMCFmcM8w1LaLGSd+Nlw+LzLSNZhU=
webtyp.com/dom v0.13.10 h1:ezdPucWXutge5BGuDROuzmhTkkI+Zxx/ir/K+4ZTi9Y=
webtyp.com/dom v0.13.10/go.mod h1:p7Vl/6A0VR3GU+NHR4Ggn0oTnRRBPUZ9+RziR5tDB4Q=
webtyp.com/fetch v0.1.28 h1:Tb8NUBp/5tLWI22U0lg/YPrR1hJtR05a8VUC5UrXyns=
webtyp.com/fetch v0.1.28/go.mod h1:ZX35mkKiyfjnJE9Ix9N+IT1ebFRTLm2fKbU0+eZ2XlA=
webtyp.com/fmt v1.0.0 h1:W0vMMGC6ezg1q2LarAEaVnNvZ26hVqzZdQQH1wcNogM=
webtyp.com/fmt v1.0.0/go.mod h1:FmTxx713R45J21kbH5JOmKGaaCap3fJPA9Yl2n4Ch7U=
webtyp.com/font v0.0.5 h1:EqjnVf8PPdRo4e+dRBBv+HaUqi0IeZjjNwsKexfqyIk=
webtyp.com/font v0.0.5/go.mod h1:N/3YKN5z5qlVGVFM7Rdc4iOG2Yba+EOru/bzKJARaCM=
webtyp.com/html v0.0.21 h1:Xjr7pBsQCPPOiPzQ+omJ9Ckkoy4tNlAtg7OJLpqNlSA=
webtyp.com/html v0.0.21/go.mod h1:ceM8y4PsgRyunzVLQpqA08qzbw6MoP40JzsacNIbamg=
webtyp.com/image v0.1.3 h1:XQQI/Mvt67udv5oIo4RgvuiuRxNonRuuRIqprRf5zVE=
webtyp.com/image v0.1.3/go.mod h1:dYRGFJBvDf2DRuh7wLW4PlIYbMxkWj0OTPQjENlsOLA=
webtyp.com/js v0.0.10 h1:7IPqar0tr63SwR9rm3mPGQiX0YnB7BfnS62gvlZYOlk=
webtyp.com/js v0.0.10/go.mod h1:s6MCdLDiERBflwmjQDp66+r1fCR5IeNdba/Q5TVKX/0=
webtyp.com/json v0.5.25 h1:f/JUsrtFGq4Sa/UGYI0lWHyY83V+r0li+Q89s3DkqZs=
webtyp.com/json v0.5.25/go.mod h1:KdFRztDe6ZwGP/ih0DR8grO72ru9h1DjZcG1UU5fRrM=
webtyp.com/layout v0.2.16 h1:JIAes9pBJ3/vHFvwNXx+vxbXlYYH2/D2rC4orjzQ8Eg=
webtyp.com/layout v0.2.16/go.mod h1:J3bnMr0wuQU/FNZum/VaXZbHvzifI285MexsAhHC+5A=
webtyp.com/model v0.1.8 h1:E8btSBmISbH1UHEUEmbrxCRWcX8zv08VvdRgWSAq894=
webtyp.com/model v0.1.8/go.mod h1:OkyYeE3GOG8eAQGhd9wVsORAhr+xYj3q8avpoGXG25c=
webtyp.com/svg v0.3.5 h1:kfRwN6aDQCW12lfuF27bZdMyPLvZUvQuK+jCsl9t3QU=
webtyp.com/svg v0.3.5/go.mod h1:CEeNzeR+CwqKG8R8qP2Dy/rvjeGmRAaKZnS/KYHGpAY=
webtyp.com/widget v0.6.24 h1:af6ZhqQHPpiVW4tjUCmjmme8QO+ziOu2kT3WhI0ZxMg=
webtyp.com/widget v0.6.24/go.mod h1:JLWQbjib77cOUmeNhyUJTxec6A4tJRqauzDJM0rki6A=
